// !$*UTF8*$!
{
	archiveVersion = 1;
	classes = {
	};
	objectVersion = 46;
	objects = {

/* Begin PBXBuildFile section */
		BD18CD3CB6D0B63A6ED04BC7 /* libPods-AntichatDemo.a in Frameworks */ = {isa = PBXBuildFile; fileRef = 7B788FFF4DDDA6B0A723BEC8 /* libPods-AntichatDemo.a */; };
		F56DB6181DC9123000E54F91 /* ResBundle.bundle in Resources */ = {isa = PBXBuildFile; fileRef = F56DB6151DC9123000E54F91 /* ResBundle.bundle */; };
		F56DB6191DC9123000E54F91 /* Stickerpipe.framework in Frameworks */ = {isa = PBXBuildFile; fileRef = F56DB6161DC9123000E54F91 /* Stickerpipe.framework */; };
		F56DB61A1DC9123000E54F91 /* Stickerpipe.xcassets in Resources */ = {isa = PBXBuildFile; fileRef = F56DB6171DC9123000E54F91 /* Stickerpipe.xcassets */; };
		F5A6E22D1DBDF5DD00A7838C /* AppDelegate.swift in Sources */ = {isa = PBXBuildFile; fileRef = F5A6E22C1DBDF5DD00A7838C /* AppDelegate.swift */; };
		F5A6E22F1DBDF5DD00A7838C /* ViewController.swift in Sources */ = {isa = PBXBuildFile; fileRef = F5A6E22E1DBDF5DD00A7838C /* ViewController.swift */; };
		F5A6E2321DBDF5DD00A7838C /* Main.storyboard in Resources */ = {isa = PBXBuildFile; fileRef = F5A6E2301DBDF5DD00A7838C /* Main.storyboard */; };
		F5A6E2341DBDF5DD00A7838C /* Assets.xcassets in Resources */ = {isa = PBXBuildFile; fileRef = F5A6E2331DBDF5DD00A7838C /* Assets.xcassets */; };
		F5A6E2371DBDF5DD00A7838C /* LaunchScreen.storyboard in Resources */ = {isa = PBXBuildFile; fileRef = F5A6E2351DBDF5DD00A7838C /* LaunchScreen.storyboard */; };
/* End PBXBuildFile section */

/* Begin PBXFileReference section */
		7B788FFF4DDDA6B0A723BEC8 /* libPods-AntichatDemo.a */ = {isa = PBXFileReference; explicitFileType = archive.ar; includeInIndex = 0; path = "libPods-AntichatDemo.a"; sourceTree = BUILT_PRODUCTS_DIR; };
		9DC9F762D6F9C629DEFB9F55 /* Pods-AntichatDemo.debug.xcconfig */ = {isa = PBXFileReference; includeInIndex = 1; lastKnownFileType = text.xcconfig; name = "Pods-AntichatDemo.debug.xcconfig"; path = "Pods/Target Support Files/Pods-AntichatDemo/Pods-AntichatDemo.debug.xcconfig"; sourceTree = "<group>"; };
		AC9F92E92E3C0C5303DD1B62 /* Pods-AntichatDemo.release.xcconfig */ = {isa = PBXFileReference; includeInIndex = 1; lastKnownFileType = text.xcconfig; name = "Pods-AntichatDemo.release.xcconfig"; path = "Pods/Target Support Files/Pods-AntichatDemo/Pods-AntichatDemo.release.xcconfig"; sourceTree = "<group>"; };
		F561F42F1DBDFB780055B764 /* AntichatDemo-Bridging-Header.h */ = {isa = PBXFileReference; lastKnownFileType = sourcecode.c.h; path = "AntichatDemo-Bridging-Header.h"; sourceTree = "<group>"; };
		F56DB6151DC9123000E54F91 /* ResBundle.bundle */ = {isa = PBXFileReference; lastKnownFileType = "wrapper.plug-in"; path = ResBundle.bundle; sourceTree = "<group>"; };
		F56DB6161DC9123000E54F91 /* Stickerpipe.framework */ = {isa = PBXFileReference; lastKnownFileType = wrapper.framework; path = Stickerpipe.framework; sourceTree = "<group>"; };
		F56DB6171DC9123000E54F91 /* Stickerpipe.xcassets */ = {isa = PBXFileReference; lastKnownFileType = folder.assetcatalog; path = Stickerpipe.xcassets; sourceTree = "<group>"; };
		F5A6E2291DBDF5DD00A7838C /* AntichatDemo.app */ = {isa = PBXFileReference; explicitFileType = wrapper.application; includeInIndex = 0; path = AntichatDemo.app; sourceTree = BUILT_PRODUCTS_DIR; };
		F5A6E22C1DBDF5DD00A7838C /* AppDelegate.swift */ = {isa = PBXFileReference; lastKnownFileType = sourcecode.swift; path = AppDelegate.swift; sourceTree = "<group>"; };
		F5A6E22E1DBDF5DD00A7838C /* ViewController.swift */ = {isa = PBXFileReference; lastKnownFileType = sourcecode.swift; path = ViewController.swift; sourceTree = "<group>"; };
		F5A6E2311DBDF5DD00A7838C /* Base */ = {isa = PBXFileReference; lastKnownFileType = file.storyboard; name = Base; path = Base.lproj/Main.storyboard; sourceTree = "<group>"; };
		F5A6E2331DBDF5DD00A7838C /* Assets.xcassets */ = {isa = PBXFileReference; lastKnownFileType = folder.assetcatalog; path = Assets.xcassets; sourceTree = "<group>"; };
		F5A6E2361DBDF5DD00A7838C /* Base */ = {isa = PBXFileReference; lastKnownFileType = file.storyboard; name = Base; path = Base.lproj/LaunchScreen.storyboard; sourceTree = "<group>"; };
		F5A6E2381DBDF5DD00A7838C /* Info.plist */ = {isa = PBXFileReference; lastKnownFileType = text.plist.xml; path = Info.plist; sourceTree = "<group>"; };
/* End PBXFileReference section */

/* Begin PBXFrameworksBuildPhase section */
		F5A6E2261DBDF5DD00A7838C /* Frameworks */ = {
			isa = PBXFrameworksBuildPhase;
			buildActionMask = 2147483647;
			files = (
				F56DB6191DC9123000E54F91 /* Stickerpipe.framework in Frameworks */,
				BD18CD3CB6D0B63A6ED04BC7 /* libPods-AntichatDemo.a in Frameworks */,
			);
			runOnlyForDeploymentPostprocessing = 0;
		};
/* End PBXFrameworksBuildPhase section */

/* Begin PBXGroup section */
		80BD106A2F1DB47E025F9D99 /* Pods */ = {
			isa = PBXGroup;
			children = (
				9DC9F762D6F9C629DEFB9F55 /* Pods-AntichatDemo.debug.xcconfig */,
				AC9F92E92E3C0C5303DD1B62 /* Pods-AntichatDemo.release.xcconfig */,
			);
			name = Pods;
			sourceTree = "<group>";
		};
		919075313E77871E282C3C40 /* Frameworks */ = {
			isa = PBXGroup;
			children = (
				7B788FFF4DDDA6B0A723BEC8 /* libPods-AntichatDemo.a */,
			);
			name = Frameworks;
			sourceTree = "<group>";
		};
		F50117DE1DBE0F510016E40F /* messageData */ = {
			isa = PBXGroup;
			children = (
			);
			path = messageData;
			sourceTree = "<group>";
		};
		F56DB6141DC9123000E54F91 /* Framework */ = {
			isa = PBXGroup;
			children = (
				F56DB6151DC9123000E54F91 /* ResBundle.bundle */,
				F56DB6161DC9123000E54F91 /* Stickerpipe.framework */,
				F56DB6171DC9123000E54F91 /* Stickerpipe.xcassets */,
			);
			path = Framework;
			sourceTree = "<group>";
		};
		F5A6E2201DBDF5DD00A7838C = {
			isa = PBXGroup;
			children = (
				F5A6E22B1DBDF5DD00A7838C /* AntichatDemo */,
				F5A6E22A1DBDF5DD00A7838C /* Products */,
				80BD106A2F1DB47E025F9D99 /* Pods */,
				919075313E77871E282C3C40 /* Frameworks */,
			);
			sourceTree = "<group>";
		};
		F5A6E22A1DBDF5DD00A7838C /* Products */ = {
			isa = PBXGroup;
			children = (
				F5A6E2291DBDF5DD00A7838C /* AntichatDemo.app */,
			);
			name = Products;
			sourceTree = "<group>";
		};
		F5A6E22B1DBDF5DD00A7838C /* AntichatDemo */ = {
			isa = PBXGroup;
			children = (
				F56DB6141DC9123000E54F91 /* Framework */,
				F50117DE1DBE0F510016E40F /* messageData */,
				F5A6E22C1DBDF5DD00A7838C /* AppDelegate.swift */,
				F5A6E22E1DBDF5DD00A7838C /* ViewController.swift */,
				F5A6E2301DBDF5DD00A7838C /* Main.storyboard */,
				F5A6E2331DBDF5DD00A7838C /* Assets.xcassets */,
				F5A6E2351DBDF5DD00A7838C /* LaunchScreen.storyboard */,
				F5A6E2381DBDF5DD00A7838C /* Info.plist */,
				F561F42F1DBDFB780055B764 /* AntichatDemo-Bridging-Header.h */,
			);
			path = AntichatDemo;
			sourceTree = "<group>";
		};
/* End PBXGroup section */

/* Begin PBXNativeTarget section */
		F5A6E2281DBDF5DD00A7838C /* AntichatDemo */ = {
			isa = PBXNativeTarget;
			buildConfigurationList = F5A6E23B1DBDF5DD00A7838C /* Build configuration list for PBXNativeTarget "AntichatDemo" */;
			buildPhases = (
				8CB27B78C4EFC5E35156965A /* [CP] Check Pods Manifest.lock */,
				F5A6E2251DBDF5DD00A7838C /* Sources */,
				F5A6E2261DBDF5DD00A7838C /* Frameworks */,
				F5A6E2271DBDF5DD00A7838C /* Resources */,
				C0C5435E7C76288072320830 /* [CP] Embed Pods Frameworks */,
				6B3899D09DACA265457EB230 /* [CP] Copy Pods Resources */,
			);
			buildRules = (
			);
			dependencies = (
			);
			name = AntichatDemo;
			productName = AntichatDemo;
			productReference = F5A6E2291DBDF5DD00A7838C /* AntichatDemo.app */;
			productType = "com.apple.product-type.application";
		};
/* End PBXNativeTarget section */

/* Begin PBXProject section */
		F5A6E2211DBDF5DD00A7838C /* Project object */ = {
			isa = PBXProject;
			attributes = {
				LastSwiftUpdateCheck = 0800;
				LastUpgradeCheck = 0800;
				ORGANIZATIONNAME = com.908;
				TargetAttributes = {
					F5A6E2281DBDF5DD00A7838C = {
						CreatedOnToolsVersion = 8.0;
						DevelopmentTeam = Q5ZE6268FL;
						ProvisioningStyle = Automatic;
					};
				};
			};
			buildConfigurationList = F5A6E2241DBDF5DD00A7838C /* Build configuration list for PBXProject "AntichatDemo" */;
			compatibilityVersion = "Xcode 3.2";
			developmentRegion = English;
			hasScannedForEncodings = 0;
			knownRegions = (
				en,
				Base,
			);
			mainGroup = F5A6E2201DBDF5DD00A7838C;
			productRefGroup = F5A6E22A1DBDF5DD00A7838C /* Products */;
			projectDirPath = "";
			projectRoot = "";
			targets = (
				F5A6E2281DBDF5DD00A7838C /* AntichatDemo */,
			);
		};
/* End PBXProject section */

/* Begin PBXResourcesBuildPhase section */
		F5A6E2271DBDF5DD00A7838C /* Resources */ = {
			isa = PBXResourcesBuildPhase;
			buildActionMask = 2147483647;
			files = (
				F56DB6181DC9123000E54F91 /* ResBundle.bundle in Resources */,
				F5A6E2371DBDF5DD00A7838C /* LaunchScreen.storyboard in Resources */,
				F56DB61A1DC9123000E54F91 /* Stickerpipe.xcassets in Resources */,
				F5A6E2341DBDF5DD00A7838C /* Assets.xcassets in Resources */,
				F5A6E2321DBDF5DD00A7838C /* Main.storyboard in Resources */,
			);
			runOnlyForDeploymentPostprocessing = 0;
		};
/* End PBXResourcesBuildPhase section */

/* Begin PBXShellScriptBuildPhase section */
		6B3899D09DACA265457EB230 /* [CP] Copy Pods Resources */ = {
			isa = PBXShellScriptBuildPhase;
			buildActionMask = 2147483647;
			files = (
			);
			inputPaths = (
			);
			name = "[CP] Copy Pods Resources";
			outputPaths = (
			);
			runOnlyForDeploymentPostprocessing = 0;
			shellPath = /bin/sh;
			shellScript = "\"${SRCROOT}/Pods/Target Support Files/Pods-AntichatDemo/Pods-AntichatDemo-resources.sh\"\n";
			showEnvVarsInLog = 0;
		};
		8CB27B78C4EFC5E35156965A /* [CP] Check Pods Manifest.lock */ = {
			isa = PBXShellScriptBuildPhase;
			buildActionMask = 2147483647;
			files = (
			);
			inputPaths = (
			);
			name = "[CP] Check Pods Manifest.lock";
			outputPaths = (
			);
			runOnlyForDeploymentPostprocessing = 0;
			shellPath = /bin/sh;
			shellScript = "diff \"${PODS_ROOT}/../Podfile.lock\" \"${PODS_ROOT}/Manifest.lock\" > /dev/null\nif [ $? != 0 ] ; then\n    # print error to STDERR\n    echo \"error: The sandbox is not in sync with the Podfile.lock. Run 'pod install' or update your CocoaPods installation.\" >&2\n    exit 1\nfi\n";
			showEnvVarsInLog = 0;
		};
		C0C5435E7C76288072320830 /* [CP] Embed Pods Frameworks */ = {
			isa = PBXShellScriptBuildPhase;
			buildActionMask = 2147483647;
			files = (
			);
			inputPaths = (
			);
			name = "[CP] Embed Pods Frameworks";
			outputPaths = (
			);
			runOnlyForDeploymentPostprocessing = 0;
			shellPath = /bin/sh;
			shellScript = "\"${SRCROOT}/Pods/Target Support Files/Pods-AntichatDemo/Pods-AntichatDemo-frameworks.sh\"\n";
			showEnvVarsInLog = 0;
		};
/* End PBXShellScriptBuildPhase section */

/* Begin PBXSourcesBuildPhase section */
		F5A6E2251DBDF5DD00A7838C /* Sources */ = {
			isa = PBXSourcesBuildPhase;
			buildActionMask = 2147483647;
			files = (
				F5A6E22F1DBDF5DD00A7838C /* ViewController.swift in Sources */,
				F5A6E22D1DBDF5DD00A7838C /* AppDelegate.swift in Sources */,
			);
			runOnlyForDeploymentPostprocessing = 0;
		};
/* End PBXSourcesBuildPhase section */

/* Begin PBXVariantGroup section */
		F5A6E2301DBDF5DD00A7838C /* Main.storyboard */ = {
			isa = PBXVariantGroup;
			children = (
				F5A6E2311DBDF5DD00A7838C /* Base */,
			);
			name = Main.storyboard;
			sourceTree = "<group>";
		};
		F5A6E2351DBDF5DD00A7838C /* LaunchScreen.storyboard */ = {
			isa = PBXVariantGroup;
			children = (
				F5A6E2361DBDF5DD00A7838C /* Base */,
			);
			name = LaunchScreen.storyboard;
			sourceTree = "<group>";
		};
/* End PBXVariantGroup section */

/* Begin XCBuildConfiguration section */
		F5A6E2391DBDF5DD00A7838C /* Debug */ = {
			isa = XCBuildConfiguration;
			buildSettings = {
				ALWAYS_SEARCH_USER_PATHS = NO;
				CLANG_ANALYZER_NONNULL = YES;
				CLANG_CXX_LANGUAGE_STANDARD = "gnu++0x";
				CLANG_CXX_LIBRARY = "libc++";
				CLANG_ENABLE_MODULES = YES;
				CLANG_ENABLE_OBJC_ARC = YES;
				CLANG_WARN_BOOL_CONVERSION = YES;
				CLANG_WARN_CONSTANT_CONVERSION = YES;
				CLANG_WARN_DIRECT_OBJC_ISA_USAGE = YES_ERROR;
				CLANG_WARN_DOCUMENTATION_COMMENTS = YES;
				CLANG_WARN_EMPTY_BODY = YES;
				CLANG_WARN_ENUM_CONVERSION = YES;
				CLANG_WARN_INFINITE_RECURSION = YES;
				CLANG_WARN_INT_CONVERSION = YES;
				CLANG_WARN_OBJC_ROOT_CLASS = YES_ERROR;
				CLANG_WARN_SUSPICIOUS_MOVES = YES;
				CLANG_WARN_UNREACHABLE_CODE = YES;
				CLANG_WARN__DUPLICATE_METHOD_MATCH = YES;
				"CODE_SIGN_IDENTITY[sdk=iphoneos*]" = "iPhone Developer";
				COPY_PHASE_STRIP = NO;
				DEBUG_INFORMATION_FORMAT = dwarf;
				ENABLE_STRICT_OBJC_MSGSEND = YES;
				ENABLE_TESTABILITY = YES;
				GCC_C_LANGUAGE_STANDARD = gnu99;
				GCC_DYNAMIC_NO_PIC = NO;
				GCC_NO_COMMON_BLOCKS = YES;
				GCC_OPTIMIZATION_LEVEL = 0;
				GCC_PREPROCESSOR_DEFINITIONS = (
					"DEBUG=1",
					"$(inherited)",
				);
				GCC_WARN_64_TO_32_BIT_CONVERSION = YES;
				GCC_WARN_ABOUT_RETURN_TYPE = YES_ERROR;
				GCC_WARN_UNDECLARED_SELECTOR = YES;
				GCC_WARN_UNINITIALIZED_AUTOS = YES_AGGRESSIVE;
				GCC_WARN_UNUSED_FUNCTION = YES;
				GCC_WARN_UNUSED_VARIABLE = YES;
				IPHONEOS_DEPLOYMENT_TARGET = 10.0;
				MTL_ENABLE_DEBUG_INFO = YES;
				ONLY_ACTIVE_ARCH = YES;
				SDKROOT = iphoneos;
				SWIFT_ACTIVE_COMPILATION_CONDITIONS = DEBUG;
				SWIFT_OPTIMIZATION_LEVEL = "-Onone";
			};
			name = Debug;
		};
		F5A6E23A1DBDF5DD00A7838C /* Release */ = {
			isa = XCBuildConfiguration;
			buildSettings = {
				ALWAYS_SEARCH_USER_PATHS = NO;
				CLANG_ANALYZER_NONNULL = YES;
				CLANG_CXX_LANGUAGE_STANDARD = "gnu++0x";
				CLANG_CXX_LIBRARY = "libc++";
				CLANG_ENABLE_MODULES = YES;
				CLANG_ENABLE_OBJC_ARC = YES;
				CLANG_WARN_BOOL_CONVERSION = YES;
				CLANG_WARN_CONSTANT_CONVERSION = YES;
				CLANG_WARN_DIRECT_OBJC_ISA_USAGE = YES_ERROR;
				CLANG_WARN_DOCUMENTATION_COMMENTS = YES;
				CLANG_WARN_EMPTY_BODY = YES;
				CLANG_WARN_ENUM_CONVERSION = YES;
				CLANG_WARN_INFINITE_RECURSION = YES;
				CLANG_WARN_INT_CONVERSION = YES;
				CLANG_WARN_OBJC_ROOT_CLASS = YES_ERROR;
				CLANG_WARN_SUSPICIOUS_MOVES = YES;
				CLANG_WARN_UNREACHABLE_CODE = YES;
				CLANG_WARN__DUPLICATE_METHOD_MATCH = YES;
				"CODE_SIGN_IDENTITY[sdk=iphoneos*]" = "iPhone Developer";
				COPY_PHASE_STRIP = NO;
				DEBUG_INFORMATION_FORMAT = "dwarf-with-dsym";
				ENABLE_NS_ASSERTIONS = NO;
				ENABLE_STRICT_OBJC_MSGSEND = YES;
				GCC_C_LANGUAGE_STANDARD = gnu99;
				GCC_NO_COMMON_BLOCKS = YES;
				GCC_WARN_64_TO_32_BIT_CONVERSION = YES;
				GCC_WARN_ABOUT_RETURN_TYPE = YES_ERROR;
				GCC_WARN_UNDECLARED_SELECTOR = YES;
				GCC_WARN_UNINITIALIZED_AUTOS = YES_AGGRESSIVE;
				GCC_WARN_UNUSED_FUNCTION = YES;
				GCC_WARN_UNUSED_VARIABLE = YES;
				IPHONEOS_DEPLOYMENT_TARGET = 10.0;
				MTL_ENABLE_DEBUG_INFO = NO;
				SDKROOT = iphoneos;
				SWIFT_OPTIMIZATION_LEVEL = "-Owholemodule";
				VALIDATE_PRODUCT = YES;
			};
			name = Release;
		};
		F5A6E23C1DBDF5DD00A7838C /* Debug */ = {
			isa = XCBuildConfiguration;
			baseConfigurationReference = 9DC9F762D6F9C629DEFB9F55 /* Pods-AntichatDemo.debug.xcconfig */;
			buildSettings = {
				ASSETCATALOG_COMPILER_APPICON_NAME = AppIcon;
				ASSETCATALOG_COMPILER_LAUNCHIMAGE_NAME = LaunchImage;
				"CODE_SIGN_IDENTITY[sdk=iphoneos*]" = "iPhone Developer";
				DEVELOPMENT_TEAM = Q5ZE6268FL;
				ENABLE_BITCODE = NO;
				FRAMEWORK_SEARCH_PATHS = (
					"$(inherited)",
					"$(PROJECT_DIR)/AntichatDemo/Framework",
				);
				INFOPLIST_FILE = AntichatDemo/Info.plist;
				IPHONEOS_DEPLOYMENT_TARGET = 7.0;
				LD_RUNPATH_SEARCH_PATHS = "$(inherited) @executable_path/Frameworks";
				PRODUCT_BUNDLE_IDENTIFIER = com.908.AntichatDemo;
				PRODUCT_NAME = "$(TARGET_NAME)";
				PROVISIONING_PROFILE = "";
				PROVISIONING_PROFILE_SPECIFIER = "";
				SWIFT_OBJC_BRIDGING_HEADER = "AntichatDemo/AntichatDemo-Bridging-Header.h";
				SWIFT_VERSION = 3.0;
			};
			name = Debug;
		};
		F5A6E23D1DBDF5DD00A7838C /* Release */ = {
			isa = XCBuildConfiguration;
			baseConfigurationReference = AC9F92E92E3C0C5303DD1B62 /* Pods-AntichatDemo.release.xcconfig */;
			buildSettings = {
				ASSETCATALOG_COMPILER_APPICON_NAME = AppIcon;
				ASSETCATALOG_COMPILER_LAUNCHIMAGE_NAME = LaunchImage;
				"CODE_SIGN_IDENTITY[sdk=iphoneos*]" = "iPhone Developer";
				DEVELOPMENT_TEAM = Q5ZE6268FL;
				ENABLE_BITCODE = NO;
				FRAMEWORK_SEARCH_PATHS = (
					"$(inherited)",
					"$(PROJECT_DIR)/AntichatDemo/Framework",
				);
				INFOPLIST_FILE = AntichatDemo/Info.plist;
				IPHONEOS_DEPLOYMENT_TARGET = 7.0;
				LD_RUNPATH_SEARCH_PATHS = "$(inherited) @executable_path/Frameworks";
				PRODUCT_BUNDLE_IDENTIFIER = com.908.AntichatDemo;
				PRODUCT_NAME = "$(TARGET_NAME)";
				PROVISIONING_PROFILE = "";
				PROVISIONING_PROFILE_SPECIFIER = "";
				SWIFT_OBJC_BRIDGING_HEADER = "AntichatDemo/AntichatDemo-Bridging-Header.h";
				SWIFT_VERSION = 3.0;
			};
			name = Release;
		};
/* End XCBuildConfiguration section */

/* Begin XCConfigurationList section */
		F5A6E2241DBDF5DD00A7838C /* Build configuration list for PBXProject "AntichatDemo" */ = {
			isa = XCConfigurationList;
			buildConfigurations = (
				F5A6E2391DBDF5DD00A7838C /* Debug */,
				F5A6E23A1DBDF5DD00A7838C /* Release */,
			);
			defaultConfigurationIsVisible = 0;
			defaultConfigurationName = Release;
		};
		F5A6E23B1DBDF5DD00A7838C /* Build configuration list for PBXNativeTarget "AntichatDemo" */ = {
			isa = XCConfigurationList;
			buildConfigurations = (
				F5A6E23C1DBDF5DD00A7838C /* Debug */,
				F5A6E23D1DBDF5DD00A7838C /* Release */,
			);
			defaultConfigurationIsVisible = 0;
			defaultConfigurationName = Release;
		};
/* End XCConfigurationList section */
	};
	rootObject = F5A6E2211DBDF5DD00A7838C /* Project object */;
}
